
Microsoft Visual Studio Solution File, Format Version 12.00
# Visual Studio Version 16
VisualStudioVersion = 16.0.29306.81
MinimumVisualStudioVersion = 10.0.40219.1
Project("{9A19103F-16F7-4668-BE54-9A1E7A4F7556}") = "VUA_api", "VUA_api\VUA_api.csproj", "{F2ED2263-4478-43A6-B674-6ECCA52B2AD8}"
EndProject
Project("{FAE04EC0-301F-11D3-BF4B-00C04F79EFBC}") = "Vilnius University Advisor", "Vilnius-University-Advisor\Vilnius University Advisor.csproj", "{B162F34F-3322-4E7A-866B-95706D3EEA7B}"
EndProject
Project("{FAE04EC0-301F-11D3-BF4B-00C04F79EFBC}") = "VUA_App.UWP", "VUA_App\VUA_App.UWP\VUA_App.UWP.csproj", "{CACDB697-DC93-4AA4-9093-2878134F1A02}"
EndProject
Project("{FAE04EC0-301F-11D3-BF4B-00C04F79EFBC}") = "VUA_App.Android", "VUA_App\VUA_App.Android\VUA_App.Android.csproj", "{63D11A27-B027-44FB-845B-3E0AC905FBD7}"
EndProject
Project("{FAE04EC0-301F-11D3-BF4B-00C04F79EFBC}") = "VUA_App", "VUA_App\VUA_App\VUA_App.csproj", "{60CA4337-26CA-435D-AF52-604C9372621D}"
EndProject
Global
	GlobalSection(SolutionConfigurationPlatforms) = preSolution
		Debug|Any CPU = Debug|Any CPU
		Debug|ARM = Debug|ARM
		Debug|iPhone = Debug|iPhone
		Debug|iPhoneSimulator = Debug|iPhoneSimulator
		Debug|x64 = Debug|x64
		Debug|x86 = Debug|x86
		Release|Any CPU = Release|Any CPU
		Release|ARM = Release|ARM
		Release|iPhone = Release|iPhone
		Release|iPhoneSimulator = Release|iPhoneSimulator
		Release|x64 = Release|x64
		Release|x86 = Release|x86
	EndGlobalSection
	GlobalSection(ProjectConfigurationPlatforms) = postSolution
		{F2ED2263-4478-43A6-B674-6ECCA52B2AD8}.Debug|Any CPU.ActiveCfg = Debug|Any CPU
		{F2ED2263-4478-43A6-B674-6ECCA52B2AD8}.Debug|Any CPU.Build.0 = Debug|Any CPU
		{F2ED2263-4478-43A6-B674-6ECCA52B2AD8}.Debug|ARM.ActiveCfg = Debug|Any CPU
		{F2ED2263-4478-43A6-B674-6ECCA52B2AD8}.Debug|ARM.Build.0 = Debug|Any CPU
		{F2ED2263-4478-43A6-B674-6ECCA52B2AD8}.Debug|iPhone.ActiveCfg = Debug|Any CPU
		{F2ED2263-4478-43A6-B674-6ECCA52B2AD8}.Debug|iPhone.Build.0 = Debug|Any CPU
		{F2ED2263-4478-43A6-B674-6ECCA52B2AD8}.Debug|iPhoneSimulator.ActiveCfg = Debug|Any CPU
		{F2ED2263-4478-43A6-B674-6ECCA52B2AD8}.Debug|iPhoneSimulator.Build.0 = Debug|Any CPU
		{F2ED2263-4478-43A6-B674-6ECCA52B2AD8}.Debug|x64.ActiveCfg = Debug|x64
		{F2ED2263-4478-43A6-B674-6ECCA52B2AD8}.Debug|x64.Build.0 = Debug|x64
		{F2ED2263-4478-43A6-B674-6ECCA52B2AD8}.Debug|x86.ActiveCfg = Debug|x86
		{F2ED2263-4478-43A6-B674-6ECCA52B2AD8}.Debug|x86.Build.0 = Debug|x86
		{F2ED2263-4478-43A6-B674-6ECCA52B2AD8}.Release|Any CPU.ActiveCfg = Release|Any CPU
		{F2ED2263-4478-43A6-B674-6ECCA52B2AD8}.Release|Any CPU.Build.0 = Release|Any CPU
		{F2ED2263-4478-43A6-B674-6ECCA52B2AD8}.Release|ARM.ActiveCfg = Release|Any CPU
		{F2ED2263-4478-43A6-B674-6ECCA52B2AD8}.Release|ARM.Build.0 = Release|Any CPU
		{F2ED2263-4478-43A6-B674-6ECCA52B2AD8}.Release|iPhone.ActiveCfg = Release|Any CPU
		{F2ED2263-4478-43A6-B674-6ECCA52B2AD8}.Release|iPhone.Build.0 = Release|Any CPU
		{F2ED2263-4478-43A6-B674-6ECCA52B2AD8}.Release|iPhoneSimulator.ActiveCfg = Release|Any CPU
		{F2ED2263-4478-43A6-B674-6ECCA52B2AD8}.Release|iPhoneSimulator.Build.0 = Release|Any CPU
		{F2ED2263-4478-43A6-B674-6ECCA52B2AD8}.Release|x64.ActiveCfg = Release|x64
		{F2ED2263-4478-43A6-B674-6ECCA52B2AD8}.Release|x64.Build.0 = Release|x64
		{F2ED2263-4478-43A6-B674-6ECCA52B2AD8}.Release|x86.ActiveCfg = Release|x86
		{F2ED2263-4478-43A6-B674-6ECCA52B2AD8}.Release|x86.Build.0 = Release|x86
		{B162F34F-3322-4E7A-866B-95706D3EEA7B}.Debug|Any CPU.ActiveCfg = Debug|Any CPU
		{B162F34F-3322-4E7A-866B-95706D3EEA7B}.Debug|Any CPU.Build.0 = Debug|Any CPU
		{B162F34F-3322-4E7A-866B-95706D3EEA7B}.Debug|ARM.ActiveCfg = Debug|Any CPU
		{B162F34F-3322-4E7A-866B-95706D3EEA7B}.Debug|ARM.Build.0 = Debug|Any CPU
		{B162F34F-3322-4E7A-866B-95706D3EEA7B}.Debug|iPhone.ActiveCfg = Debug|Any CPU
		{B162F34F-3322-4E7A-866B-95706D3EEA7B}.Debug|iPhone.Build.0 = Debug|Any CPU
		{B162F34F-3322-4E7A-866B-95706D3EEA7B}.Debug|iPhoneSimulator.ActiveCfg = Debug|Any CPU
		{B162F34F-3322-4E7A-866B-95706D3EEA7B}.Debug|iPhoneSimulator.Build.0 = Debug|Any CPU
		{B162F34F-3322-4E7A-866B-95706D3EEA7B}.Debug|x64.ActiveCfg = Debug|x64
		{B162F34F-3322-4E7A-866B-95706D3EEA7B}.Debug|x64.Build.0 = Debug|x64
		{B162F34F-3322-4E7A-866B-95706D3EEA7B}.Debug|x86.ActiveCfg = Debug|x86
		{B162F34F-3322-4E7A-866B-95706D3EEA7B}.Debug|x86.Build.0 = Debug|x86
		{B162F34F-3322-4E7A-866B-95706D3EEA7B}.Release|Any CPU.ActiveCfg = Release|Any CPU
		{B162F34F-3322-4E7A-866B-95706D3EEA7B}.Release|Any CPU.Build.0 = Release|Any CPU
		{B162F34F-3322-4E7A-866B-95706D3EEA7B}.Release|ARM.ActiveCfg = Release|Any CPU
		{B162F34F-3322-4E7A-866B-95706D3EEA7B}.Release|ARM.Build.0 = Release|Any CPU
		{B162F34F-3322-4E7A-866B-95706D3EEA7B}.Release|iPhone.ActiveCfg = Release|Any CPU
		{B162F34F-3322-4E7A-866B-95706D3EEA7B}.Release|iPhone.Build.0 = Release|Any CPU
		{B162F34F-3322-4E7A-866B-95706D3EEA7B}.Release|iPhoneSimulator.ActiveCfg = Release|Any CPU
		{B162F34F-3322-4E7A-866B-95706D3EEA7B}.Release|iPhoneSimulator.Build.0 = Release|Any CPU
		{B162F34F-3322-4E7A-866B-95706D3EEA7B}.Release|x64.ActiveCfg = Release|x64
		{B162F34F-3322-4E7A-866B-95706D3EEA7B}.Release|x64.Build.0 = Release|x64
		{B162F34F-3322-4E7A-866B-95706D3EEA7B}.Release|x86.ActiveCfg = Release|x86
		{B162F34F-3322-4E7A-866B-95706D3EEA7B}.Release|x86.Build.0 = Release|x86
		{CACDB697-DC93-4AA4-9093-2878134F1A02}.Debug|Any CPU.ActiveCfg = Debug|x86
		{CACDB697-DC93-4AA4-9093-2878134F1A02}.Debug|ARM.ActiveCfg = Debug|ARM
		{CACDB697-DC93-4AA4-9093-2878134F1A02}.Debug|ARM.Build.0 = Debug|ARM
		{CACDB697-DC93-4AA4-9093-2878134F1A02}.Debug|ARM.Deploy.0 = Debug|ARM
		{CACDB697-DC93-4AA4-9093-2878134F1A02}.Debug|iPhone.ActiveCfg = Debug|x86
		{CACDB697-DC93-4AA4-9093-2878134F1A02}.Debug|iPhoneSimulator.ActiveCfg = Debug|x86
		{CACDB697-DC93-4AA4-9093-2878134F1A02}.Debug|x64.ActiveCfg = Debug|x64
		{CACDB697-DC93-4AA4-9093-2878134F1A02}.Debug|x64.Build.0 = Debug|x64
		{CACDB697-DC93-4AA4-9093-2878134F1A02}.Debug|x64.Deploy.0 = Debug|x64
		{CACDB697-DC93-4AA4-9093-2878134F1A02}.Debug|x86.ActiveCfg = Debug|x86
		{CACDB697-DC93-4AA4-9093-2878134F1A02}.Debug|x86.Build.0 = Debug|x86
		{CACDB697-DC93-4AA4-9093-2878134F1A02}.Debug|x86.Deploy.0 = Debug|x86
		{CACDB697-DC93-4AA4-9093-2878134F1A02}.Release|Any CPU.ActiveCfg = Release|x86
		{CACDB697-DC93-4AA4-9093-2878134F1A02}.Release|ARM.ActiveCfg = Release|ARM
		{CACDB697-DC93-4AA4-9093-2878134F1A02}.Release|ARM.Build.0 = Release|ARM
		{CACDB697-DC93-4AA4-9093-2878134F1A02}.Release|ARM.Deploy.0 = Release|ARM
		{CACDB697-DC93-4AA4-9093-2878134F1A02}.Release|iPhone.ActiveCfg = Release|x86
		{CACDB697-DC93-4AA4-9093-2878134F1A02}.Release|iPhoneSimulator.ActiveCfg = Release|x86
		{CACDB697-DC93-4AA4-9093-2878134F1A02}.Release|x64.ActiveCfg = Release|x64
		{CACDB697-DC93-4AA4-9093-2878134F1A02}.Release|x64.Build.0 = Release|x64
		{CACDB697-DC93-4AA4-9093-2878134F1A02}.Release|x64.Deploy.0 = Release|x64
		{CACDB697-DC93-4AA4-9093-2878134F1A02}.Release|x86.ActiveCfg = Release|x86
		{CACDB697-DC93-4AA4-9093-2878134F1A02}.Release|x86.Build.0 = Release|x86
		{CACDB697-DC93-4AA4-9093-2878134F1A02}.Release|x86.Deploy.0 = Release|x86
		{63D11A27-B027-44FB-845B-3E0AC905FBD7}.Debug|Any CPU.ActiveCfg = Debug|Any CPU
		{63D11A27-B027-44FB-845B-3E0AC905FBD7}.Debug|Any CPU.Build.0 = Debug|Any CPU
		{63D11A27-B027-44FB-845B-3E0AC905FBD7}.Debug|Any CPU.Deploy.0 = Debug|Any CPU
		{63D11A27-B027-44FB-845B-3E0AC905FBD7}.Debug|ARM.ActiveCfg = Debug|Any CPU
		{63D11A27-B027-44FB-845B-3E0AC905FBD7}.Debug|ARM.Build.0 = Debug|Any CPU
		{63D11A27-B027-44FB-845B-3E0AC905FBD7}.Debug|ARM.Deploy.0 = Debug|Any CPU
		{63D11A27-B027-44FB-845B-3E0AC905FBD7}.Debug|iPhone.ActiveCfg = Debug|Any CPU
		{63D11A27-B027-44FB-845B-3E0AC905FBD7}.Debug|iPhone.Build.0 = Debug|Any CPU
		{63D11A27-B027-44FB-845B-3E0AC905FBD7}.Debug|iPhone.Deploy.0 = Debug|Any CPU
		{63D11A27-B027-44FB-845B-3E0AC905FBD7}.Debug|iPhoneSimulator.ActiveCfg = Debug|Any CPU
		{63D11A27-B027-44FB-845B-3E0AC905FBD7}.Debug|iPhoneSimulator.Build.0 = Debug|Any CPU
		{63D11A27-B027-44FB-845B-3E0AC905FBD7}.Debug|iPhoneSimulator.Deploy.0 = Debug|Any CPU
		{63D11A27-B027-44FB-845B-3E0AC905FBD7}.Debug|x64.ActiveCfg = Debug|Any CPU
		{63D11A27-B027-44FB-845B-3E0AC905FBD7}.Debug|x64.Build.0 = Debug|Any CPU
		{63D11A27-B027-44FB-845B-3E0AC905FBD7}.Debug|x64.Deploy.0 = Debug|Any CPU
		{63D11A27-B027-44FB-845B-3E0AC905FBD7}.Debug|x86.ActiveCfg = Debug|Any CPU
		{63D11A27-B027-44FB-845B-3E0AC905FBD7}.Debug|x86.Build.0 = Debug|Any CPU
		{63D11A27-B027-44FB-845B-3E0AC905FBD7}.Debug|x86.Deploy.0 = Debug|Any CPU
		{63D11A27-B027-44FB-845B-3E0AC905FBD7}.Release|Any CPU.ActiveCfg = Release|Any CPU
		{63D11A27-B027-44FB-845B-3E0AC905FBD7}.Release|Any CPU.Build.0 = Release|Any CPU
		{63D11A27-B027-44FB-845B-3E0AC905FBD7}.Release|Any CPU.Deploy.0 = Release|Any CPU
		{63D11A27-B027-44FB-845B-3E0AC905FBD7}.Release|ARM.ActiveCfg = Release|Any CPU
		{63D11A27-B027-44FB-845B-3E0AC905FBD7}.Release|ARM.Build.0 = Release|Any CPU
		{63D11A27-B027-44FB-845B-3E0AC905FBD7}.Release|ARM.Deploy.0 = Release|Any CPU
		{63D11A27-B027-44FB-845B-3E0AC905FBD7}.Release|iPhone.ActiveCfg = Release|Any CPU
		{63D11A27-B027-44FB-845B-3E0AC905FBD7}.Release|iPhone.Build.0 = Release|Any CPU
		{63D11A27-B027-44FB-845B-3E0AC905FBD7}.Release|iPhone.Deploy.0 = Release|Any CPU
		{63D11A27-B027-44FB-845B-3E0AC905FBD7}.Release|iPhoneSimulator.ActiveCfg = Release|Any CPU
		{63D11A27-B027-44FB-845B-3E0AC905FBD7}.Release|iPhoneSimulator.Build.0 = Release|Any CPU
		{63D11A27-B027-44FB-845B-3E0AC905FBD7}.Release|iPhoneSimulator.Deploy.0 = Release|Any CPU
		{63D11A27-B027-44FB-845B-3E0AC905FBD7}.Release|x64.ActiveCfg = Release|Any CPU
		{63D11A27-B027-44FB-845B-3E0AC905FBD7}.Release|x64.Build.0 = Release|Any CPU
		{63D11A27-B027-44FB-845B-3E0AC905FBD7}.Release|x64.Deploy.0 = Release|Any CPU
		{63D11A27-B027-44FB-845B-3E0AC905FBD7}.Release|x86.ActiveCfg = Release|Any CPU
		{63D11A27-B027-44FB-845B-3E0AC905FBD7}.Release|x86.Build.0 = Release|Any CPU
		{63D11A27-B027-44FB-845B-3E0AC905FBD7}.Release|x86.Deploy.0 = Release|Any CPU
		{60CA4337-26CA-435D-AF52-604C9372621D}.Debug|Any CPU.ActiveCfg = Debug|Any CPU
		{60CA4337-26CA-435D-AF52-604C9372621D}.Debug|Any CPU.Build.0 = Debug|Any CPU
		{60CA4337-26CA-435D-AF52-604C9372621D}.Debug|ARM.ActiveCfg = Debug|Any CPU
		{60CA4337-26CA-435D-AF52-604C9372621D}.Debug|ARM.Build.0 = Debug|Any CPU
		{60CA4337-26CA-435D-AF52-604C9372621D}.Debug|iPhone.ActiveCfg = Debug|Any CPU
		{60CA4337-26CA-435D-AF52-604C9372621D}.Debug|iPhone.Build.0 = Debug|Any CPU
		{60CA4337-26CA-435D-AF52-604C9372621D}.Debug|iPhoneSimulator.ActiveCfg = Debug|Any CPU
		{60CA4337-26CA-435D-AF52-604C9372621D}.Debug|iPhoneSimulator.Build.0 = Debug|Any CPU
		{60CA4337-26CA-435D-AF52-604C9372621D}.Debug|x64.ActiveCfg = Debug|Any CPU
		{60CA4337-26CA-435D-AF52-604C9372621D}.Debug|x64.Build.0 = Debug|Any CPU
		{60CA4337-26CA-435D-AF52-604C9372621D}.Debug|x86.ActiveCfg = Debug|Any CPU
		{60CA4337-26CA-435D-AF52-604C9372621D}.Debug|x86.Build.0 = Debug|Any CPU
		{60CA4337-26CA-435D-AF52-604C9372621D}.Release|Any CPU.ActiveCfg = Release|Any CPU
		{60CA4337-26CA-435D-AF52-604C9372621D}.Release|Any CPU.Build.0 = Release|Any CPU
		{60CA4337-26CA-435D-AF52-604C9372621D}.Release|ARM.ActiveCfg = Release|Any CPU
		{60CA4337-26CA-435D-AF52-604C9372621D}.Release|ARM.Build.0 = Release|Any CPU
		{60CA4337-26CA-435D-AF52-604C9372621D}.Release|iPhone.ActiveCfg = Release|Any CPU
		{60CA4337-26CA-435D-AF52-604C9372621D}.Release|iPhone.Build.0 = Release|Any CPU
		{60CA4337-26CA-435D-AF52-604C9372621D}.Release|iPhoneSimulator.ActiveCfg = Release|Any CPU
		{60CA4337-26CA-435D-AF52-604C9372621D}.Release|iPhoneSimulator.Build.0 = Release|Any CPU
		{60CA4337-26CA-435D-AF52-604C9372621D}.Release|x64.ActiveCfg = Release|Any CPU
		{60CA4337-26CA-435D-AF52-604C9372621D}.Release|x64.Build.0 = Release|Any CPU
		{60CA4337-26CA-435D-AF52-604C9372621D}.Release|x86.ActiveCfg = Release|Any CPU
		{60CA4337-26CA-435D-AF52-604C9372621D}.Release|x86.Build.0 = Release|Any CPU
	EndGlobalSection
	GlobalSection(SolutionProperties) = preSolution
		HideSolutionNode = FALSE
	EndGlobalSection
	GlobalSection(ExtensibilityGlobals) = postSolution
		SolutionGuid = {825901F2-7C01-4B23-B546-3A50D6F667EE}
	EndGlobalSection
EndGlobal
